
Microsoft Visual Studio Solution File, Format Version 12.00
# Visual Studio Version 17
VisualStudioVersion = 17.11.35327.3
MinimumVisualStudioVersion = 10.0.40219.1
Project("{9A19103F-16F7-4668-BE54-9A1E7A4F7556}") = "ToDoPlanner_REST", "ToDoPlanner_REST\ToDoPlanner_REST.csproj", "{2A912283-DE15-42D7-8A4A-59B25BF86035}"
EndProject
Global
	GlobalSection(SolutionConfigurationPlatforms) = preSolution
		Debug|Any CPU = Debug|Any CPU
		Release|Any CPU = Release|Any CPU
	EndGlobalSection
	GlobalSection(ProjectConfigurationPlatforms) = postSolution
		{2A912283-DE15-42D7-8A4A-59B25BF86035}.Debug|Any CPU.ActiveCfg = Debug|Any CPU
		{2A912283-DE15-42D7-8A4A-59B25BF86035}.Debug|Any CPU.Build.0 = Debug|Any CPU
		{2A912283-DE15-42D7-8A4A-59B25BF86035}.Release|Any CPU.ActiveCfg = Release|Any CPU
		{2A912283-DE15-42D7-8A4A-59B25BF86035}.Release|Any CPU.Build.0 = Release|Any CPU
	EndGlobalSection
	GlobalSection(SolutionProperties) = preSolution
		HideSolutionNode = FALSE
	EndGlobalSection
	GlobalSection(ExtensibilityGlobals) = postSolution
		SolutionGuid = {C33FB8E5-BC78-407C-B297-6FF6EB5FF4A2}
	EndGlobalSection
EndGlobal
